
Microsoft Visual Studio Solution File, Format Version 12.00
# Visual Studio Version 17
VisualStudioVersion = 17.14.36414.22
MinimumVisualStudioVersion = 10.0.40219.1
Project("{FAE04EC0-301F-11D3-BF4B-00C04F79EFBC}") = "PlatformerGame", "PlatformerGame\PlatformerGame.csproj", "{958E0448-CA70-4676-BE89-A46487084D39}"
EndProject
Project("{FAE04EC0-301F-11D3-BF4B-00C04F79EFBC}") = "EngineCore", "EngineCore\EngineCore.csproj", "{C75AE0FC-4C7C-BA40-FDE6-EE25ED1495A9}"
EndProject
Project("{FAE04EC0-301F-11D3-BF4B-00C04F79EFBC}") = "SnakeMultiplayer", "SnakeMultiplayer\SnakeMultiplayer.csproj", "{D2495839-9A5E-4053-9997-16390F832AD1}"
EndProject
Project("{FAE04EC0-301F-11D3-BF4B-00C04F79EFBC}") = "SnakeUDPListener", "SnakeUDPListener\SnakeUDPListener.csproj", "{A098E73A-2CF5-4C29-83A4-FC28F774F862}"
EndProject
Project("{FAE04EC0-301F-11D3-BF4B-00C04F79EFBC}") = "Monogame.ImGuiNet", "MonoGame.ImGuiNet-main\MonoGame.ImGuiNet\Monogame.ImGuiNet.csproj", "{DC8E9F15-EE3A-9B06-D5FD-FB9DBA6E00FF}"
EndProject
Global
	GlobalSection(SolutionConfigurationPlatforms) = preSolution
		Debug|Any CPU = Debug|Any CPU
		Release|Any CPU = Release|Any CPU
	EndGlobalSection
	GlobalSection(ProjectConfigurationPlatforms) = postSolution
		{958E0448-CA70-4676-BE89-A46487084D39}.Debug|Any CPU.ActiveCfg = Debug|Any CPU
		{958E0448-CA70-4676-BE89-A46487084D39}.Debug|Any CPU.Build.0 = Debug|Any CPU
		{958E0448-CA70-4676-BE89-A46487084D39}.Release|Any CPU.ActiveCfg = Release|Any CPU
		{958E0448-CA70-4676-BE89-A46487084D39}.Release|Any CPU.Build.0 = Release|Any CPU
		{C75AE0FC-4C7C-BA40-FDE6-EE25ED1495A9}.Debug|Any CPU.ActiveCfg = Debug|Any CPU
		{C75AE0FC-4C7C-BA40-FDE6-EE25ED1495A9}.Debug|Any CPU.Build.0 = Debug|Any CPU
		{C75AE0FC-4C7C-BA40-FDE6-EE25ED1495A9}.Release|Any CPU.ActiveCfg = Release|Any CPU
		{C75AE0FC-4C7C-BA40-FDE6-EE25ED1495A9}.Release|Any CPU.Build.0 = Release|Any CPU
		{D2495839-9A5E-4053-9997-16390F832AD1}.Debug|Any CPU.ActiveCfg = Debug|Any CPU
		{D2495839-9A5E-4053-9997-16390F832AD1}.Debug|Any CPU.Build.0 = Debug|Any CPU
		{D2495839-9A5E-4053-9997-16390F832AD1}.Release|Any CPU.ActiveCfg = Release|Any CPU
		{D2495839-9A5E-4053-9997-16390F832AD1}.Release|Any CPU.Build.0 = Release|Any CPU
		{A098E73A-2CF5-4C29-83A4-FC28F774F862}.Debug|Any CPU.ActiveCfg = Debug|Any CPU
		{A098E73A-2CF5-4C29-83A4-FC28F774F862}.Debug|Any CPU.Build.0 = Debug|Any CPU
		{A098E73A-2CF5-4C29-83A4-FC28F774F862}.Release|Any CPU.ActiveCfg = Release|Any CPU
		{A098E73A-2CF5-4C29-83A4-FC28F774F862}.Release|Any CPU.Build.0 = Release|Any CPU
		{DC8E9F15-EE3A-9B06-D5FD-FB9DBA6E00FF}.Debug|Any CPU.ActiveCfg = Debug|Any CPU
		{DC8E9F15-EE3A-9B06-D5FD-FB9DBA6E00FF}.Debug|Any CPU.Build.0 = Debug|Any CPU
		{DC8E9F15-EE3A-9B06-D5FD-FB9DBA6E00FF}.Release|Any CPU.ActiveCfg = Release|Any CPU
		{DC8E9F15-EE3A-9B06-D5FD-FB9DBA6E00FF}.Release|Any CPU.Build.0 = Release|Any CPU
	EndGlobalSection
	GlobalSection(SolutionProperties) = preSolution
		HideSolutionNode = FALSE
	EndGlobalSection
	GlobalSection(ExtensibilityGlobals) = postSolution
		SolutionGuid = {8D3F5BFD-F91D-4BED-A8BC-78DE01A90ECC}
	EndGlobalSection
EndGlobal
